
Microsoft Visual Studio Solution File, Format Version 12.00
# Visual Studio Version 17
VisualStudioVersion = 17.14.36310.24 d17.14
MinimumVisualStudioVersion = 10.0.40219.1
Project("{FAE04EC0-301F-11D3-BF4B-00C04F79EFBC}") = "variables&dataTypes", "variables&dataTypes\variables&dataTypes.csproj", "{1EDC137D-158E-4FC8-9C18-1E8DE6925A75}"
EndProject
Global
	GlobalSection(SolutionConfigurationPlatforms) = preSolution
		Debug|Any CPU = Debug|Any CPU
		Release|Any CPU = Release|Any CPU
	EndGlobalSection
	GlobalSection(ProjectConfigurationPlatforms) = postSolution
		{1EDC137D-158E-4FC8-9C18-1E8DE6925A75}.Debug|Any CPU.ActiveCfg = Debug|Any CPU
		{1EDC137D-158E-4FC8-9C18-1E8DE6925A75}.Debug|Any CPU.Build.0 = Debug|Any CPU
		{1EDC137D-158E-4FC8-9C18-1E8DE6925A75}.Release|Any CPU.ActiveCfg = Release|Any CPU
		{1EDC137D-158E-4FC8-9C18-1E8DE6925A75}.Release|Any CPU.Build.0 = Release|Any CPU
	EndGlobalSection
	GlobalSection(SolutionProperties) = preSolution
		HideSolutionNode = FALSE
	EndGlobalSection
	GlobalSection(ExtensibilityGlobals) = postSolution
		SolutionGuid = {AF128D4B-1087-4B1A-9785-8877FB70B9E2}
	EndGlobalSection
EndGlobal
