
Microsoft Visual Studio Solution File, Format Version 12.00
# Visual Studio Version 17
VisualStudioVersion = 17.14.36511.14 d17.14
MinimumVisualStudioVersion = 10.0.40219.1
Project("{FAE04EC0-301F-11D3-BF4B-00C04F79EFBC}") = "Collections", "Collections.csproj", "{3E2959DA-AF0C-45B2-BEF8-F4A9D0FDA916}"
EndProject
Global
	GlobalSection(SolutionConfigurationPlatforms) = preSolution
		Debug|Any CPU = Debug|Any CPU
		Release|Any CPU = Release|Any CPU
	EndGlobalSection
	GlobalSection(ProjectConfigurationPlatforms) = postSolution
		{3E2959DA-AF0C-45B2-BEF8-F4A9D0FDA916}.Debug|Any CPU.ActiveCfg = Debug|Any CPU
		{3E2959DA-AF0C-45B2-BEF8-F4A9D0FDA916}.Debug|Any CPU.Build.0 = Debug|Any CPU
		{3E2959DA-AF0C-45B2-BEF8-F4A9D0FDA916}.Release|Any CPU.ActiveCfg = Release|Any CPU
		{3E2959DA-AF0C-45B2-BEF8-F4A9D0FDA916}.Release|Any CPU.Build.0 = Release|Any CPU
	EndGlobalSection
	GlobalSection(SolutionProperties) = preSolution
		HideSolutionNode = FALSE
	EndGlobalSection
	GlobalSection(ExtensibilityGlobals) = postSolution
		SolutionGuid = {5DE39C38-17C5-4E96-94CE-B1F04550CFA8}
	EndGlobalSection
EndGlobal
