
Microsoft Visual Studio Solution File, Format Version 12.00
# Visual Studio Version 17
VisualStudioVersion = 17.14.36511.14 d17.14
MinimumVisualStudioVersion = 10.0.40219.1
Project("{FAE04EC0-301F-11D3-BF4B-00C04F79EFBC}") = "GenericClasses", "GenericClasses.csproj", "{BFC0AA54-D734-4C7A-B000-5E2BBCDFB5A0}"
EndProject
Global
	GlobalSection(SolutionConfigurationPlatforms) = preSolution
		Debug|Any CPU = Debug|Any CPU
		Release|Any CPU = Release|Any CPU
	EndGlobalSection
	GlobalSection(ProjectConfigurationPlatforms) = postSolution
		{BFC0AA54-D734-4C7A-B000-5E2BBCDFB5A0}.Debug|Any CPU.ActiveCfg = Debug|Any CPU
		{BFC0AA54-D734-4C7A-B000-5E2BBCDFB5A0}.Debug|Any CPU.Build.0 = Debug|Any CPU
		{BFC0AA54-D734-4C7A-B000-5E2BBCDFB5A0}.Release|Any CPU.ActiveCfg = Release|Any CPU
		{BFC0AA54-D734-4C7A-B000-5E2BBCDFB5A0}.Release|Any CPU.Build.0 = Release|Any CPU
	EndGlobalSection
	GlobalSection(SolutionProperties) = preSolution
		HideSolutionNode = FALSE
	EndGlobalSection
	GlobalSection(ExtensibilityGlobals) = postSolution
		SolutionGuid = {26267698-054B-44EA-B731-E265ACFD6FF9}
	EndGlobalSection
EndGlobal
