
Microsoft Visual Studio Solution File, Format Version 12.00
# Visual Studio Version 17
VisualStudioVersion = 17.14.36511.14 d17.14
MinimumVisualStudioVersion = 10.0.40219.1
Project("{FAE04EC0-301F-11D3-BF4B-00C04F79EFBC}") = "NameSpace", "NameSpace.csproj", "{B0BC9B5F-BDEB-451D-A8F4-141ED82C36BE}"
EndProject
Global
	GlobalSection(SolutionConfigurationPlatforms) = preSolution
		Debug|Any CPU = Debug|Any CPU
		Release|Any CPU = Release|Any CPU
	EndGlobalSection
	GlobalSection(ProjectConfigurationPlatforms) = postSolution
		{B0BC9B5F-BDEB-451D-A8F4-141ED82C36BE}.Debug|Any CPU.ActiveCfg = Debug|Any CPU
		{B0BC9B5F-BDEB-451D-A8F4-141ED82C36BE}.Debug|Any CPU.Build.0 = Debug|Any CPU
		{B0BC9B5F-BDEB-451D-A8F4-141ED82C36BE}.Release|Any CPU.ActiveCfg = Release|Any CPU
		{B0BC9B5F-BDEB-451D-A8F4-141ED82C36BE}.Release|Any CPU.Build.0 = Release|Any CPU
	EndGlobalSection
	GlobalSection(SolutionProperties) = preSolution
		HideSolutionNode = FALSE
	EndGlobalSection
	GlobalSection(ExtensibilityGlobals) = postSolution
		SolutionGuid = {C9D536B7-7140-48CF-81FD-8CDDD2A79D80}
	EndGlobalSection
EndGlobal
