
Microsoft Visual Studio Solution File, Format Version 12.00
# Visual Studio Version 17
VisualStudioVersion = 17.14.36310.24 d17.14
MinimumVisualStudioVersion = 10.0.40219.1
Project("{FAE04EC0-301F-11D3-BF4B-00C04F79EFBC}") = "Array", "Array\Array.csproj", "{CCD0A160-90A1-4495-94B1-FD1C7F94E021}"
EndProject
Global
	GlobalSection(SolutionConfigurationPlatforms) = preSolution
		Debug|Any CPU = Debug|Any CPU
		Release|Any CPU = Release|Any CPU
	EndGlobalSection
	GlobalSection(ProjectConfigurationPlatforms) = postSolution
		{CCD0A160-90A1-4495-94B1-FD1C7F94E021}.Debug|Any CPU.ActiveCfg = Debug|Any CPU
		{CCD0A160-90A1-4495-94B1-FD1C7F94E021}.Debug|Any CPU.Build.0 = Debug|Any CPU
		{CCD0A160-90A1-4495-94B1-FD1C7F94E021}.Release|Any CPU.ActiveCfg = Release|Any CPU
		{CCD0A160-90A1-4495-94B1-FD1C7F94E021}.Release|Any CPU.Build.0 = Release|Any CPU
	EndGlobalSection
	GlobalSection(SolutionProperties) = preSolution
		HideSolutionNode = FALSE
	EndGlobalSection
	GlobalSection(ExtensibilityGlobals) = postSolution
		SolutionGuid = {DE33C3D1-9E54-4823-A7BA-6A00C7675DEB}
	EndGlobalSection
EndGlobal
