
Microsoft Visual Studio Solution File, Format Version 12.00
# Visual Studio Version 17
VisualStudioVersion = 17.14.36511.14 d17.14
MinimumVisualStudioVersion = 10.0.40219.1
Project("{FAE04EC0-301F-11D3-BF4B-00C04F79EFBC}") = "NonGenericClasses", "NonGenericClasses.csproj", "{EC705994-D46F-4F28-8457-D994C2C8E894}"
EndProject
Global
	GlobalSection(SolutionConfigurationPlatforms) = preSolution
		Debug|Any CPU = Debug|Any CPU
		Release|Any CPU = Release|Any CPU
	EndGlobalSection
	GlobalSection(ProjectConfigurationPlatforms) = postSolution
		{EC705994-D46F-4F28-8457-D994C2C8E894}.Debug|Any CPU.ActiveCfg = Debug|Any CPU
		{EC705994-D46F-4F28-8457-D994C2C8E894}.Debug|Any CPU.Build.0 = Debug|Any CPU
		{EC705994-D46F-4F28-8457-D994C2C8E894}.Release|Any CPU.ActiveCfg = Release|Any CPU
		{EC705994-D46F-4F28-8457-D994C2C8E894}.Release|Any CPU.Build.0 = Release|Any CPU
	EndGlobalSection
	GlobalSection(SolutionProperties) = preSolution
		HideSolutionNode = FALSE
	EndGlobalSection
	GlobalSection(ExtensibilityGlobals) = postSolution
		SolutionGuid = {8F16AD7A-16FF-494F-AA6D-620E1EEA7E79}
	EndGlobalSection
EndGlobal
