
Microsoft Visual Studio Solution File, Format Version 12.00
# Visual Studio Version 17
VisualStudioVersion = 17.14.36310.24 d17.14
MinimumVisualStudioVersion = 10.0.40219.1
Project("{FAE04EC0-301F-11D3-BF4B-00C04F79EFBC}") = "loginExample", "loginExample\loginExample.csproj", "{C55FDD3D-E0FB-47BD-8261-DF66B22FDDEF}"
EndProject
Global
	GlobalSection(SolutionConfigurationPlatforms) = preSolution
		Debug|Any CPU = Debug|Any CPU
		Release|Any CPU = Release|Any CPU
	EndGlobalSection
	GlobalSection(ProjectConfigurationPlatforms) = postSolution
		{C55FDD3D-E0FB-47BD-8261-DF66B22FDDEF}.Debug|Any CPU.ActiveCfg = Debug|Any CPU
		{C55FDD3D-E0FB-47BD-8261-DF66B22FDDEF}.Debug|Any CPU.Build.0 = Debug|Any CPU
		{C55FDD3D-E0FB-47BD-8261-DF66B22FDDEF}.Release|Any CPU.ActiveCfg = Release|Any CPU
		{C55FDD3D-E0FB-47BD-8261-DF66B22FDDEF}.Release|Any CPU.Build.0 = Release|Any CPU
	EndGlobalSection
	GlobalSection(SolutionProperties) = preSolution
		HideSolutionNode = FALSE
	EndGlobalSection
	GlobalSection(ExtensibilityGlobals) = postSolution
		SolutionGuid = {152B0AD4-6296-426D-8419-4417747CC573}
	EndGlobalSection
EndGlobal
