
Microsoft Visual Studio Solution File, Format Version 12.00
# Visual Studio Version 17
VisualStudioVersion = 17.14.36310.24 d17.14
MinimumVisualStudioVersion = 10.0.40219.1
Project("{FAE04EC0-301F-11D3-BF4B-00C04F79EFBC}") = "SwitchCase", "SwitchCase\SwitchCase.csproj", "{12464F41-666E-41A9-B0B4-CECB58CBC9A8}"
EndProject
Global
	GlobalSection(SolutionConfigurationPlatforms) = preSolution
		Debug|Any CPU = Debug|Any CPU
		Release|Any CPU = Release|Any CPU
	EndGlobalSection
	GlobalSection(ProjectConfigurationPlatforms) = postSolution
		{12464F41-666E-41A9-B0B4-CECB58CBC9A8}.Debug|Any CPU.ActiveCfg = Debug|Any CPU
		{12464F41-666E-41A9-B0B4-CECB58CBC9A8}.Debug|Any CPU.Build.0 = Debug|Any CPU
		{12464F41-666E-41A9-B0B4-CECB58CBC9A8}.Release|Any CPU.ActiveCfg = Release|Any CPU
		{12464F41-666E-41A9-B0B4-CECB58CBC9A8}.Release|Any CPU.Build.0 = Release|Any CPU
	EndGlobalSection
	GlobalSection(SolutionProperties) = preSolution
		HideSolutionNode = FALSE
	EndGlobalSection
	GlobalSection(ExtensibilityGlobals) = postSolution
		SolutionGuid = {5A343FA2-BC57-42CE-9138-5509ED8DFEA7}
	EndGlobalSection
EndGlobal
