
Microsoft Visual Studio Solution File, Format Version 12.00
# Visual Studio Version 17
VisualStudioVersion = 17.14.36310.24 d17.14
MinimumVisualStudioVersion = 10.0.40219.1
Project("{FAE04EC0-301F-11D3-BF4B-00C04F79EFBC}") = "classes&objects", "classes&objects\classes&objects.csproj", "{17C5B941-C8F5-4BE4-B649-36E1F1D1BF07}"
EndProject
Global
	GlobalSection(SolutionConfigurationPlatforms) = preSolution
		Debug|Any CPU = Debug|Any CPU
		Release|Any CPU = Release|Any CPU
	EndGlobalSection
	GlobalSection(ProjectConfigurationPlatforms) = postSolution
		{17C5B941-C8F5-4BE4-B649-36E1F1D1BF07}.Debug|Any CPU.ActiveCfg = Debug|Any CPU
		{17C5B941-C8F5-4BE4-B649-36E1F1D1BF07}.Debug|Any CPU.Build.0 = Debug|Any CPU
		{17C5B941-C8F5-4BE4-B649-36E1F1D1BF07}.Release|Any CPU.ActiveCfg = Release|Any CPU
		{17C5B941-C8F5-4BE4-B649-36E1F1D1BF07}.Release|Any CPU.Build.0 = Release|Any CPU
	EndGlobalSection
	GlobalSection(SolutionProperties) = preSolution
		HideSolutionNode = FALSE
	EndGlobalSection
	GlobalSection(ExtensibilityGlobals) = postSolution
		SolutionGuid = {EC9C8044-D07D-4A01-A39A-E561FB851DA3}
	EndGlobalSection
EndGlobal
